// !$*UTF8*$!
{
	archiveVersion = 1;
	classes = {
	};
	objectVersion = 51;
	objects = {

/* Begin PBXBuildFile section */
		3E9CFBDF4AA2CB627F98FEA0 /* Pods_DownloadPDF.framework in Frameworks */ = {isa = PBXBuildFile; fileRef = 3C4C0D327994EA11A3C241EF /* Pods_DownloadPDF.framework */; };
		B2FCAD5925655C6100568284 /* AppDelegate.swift in Sources */ = {isa = PBXBuildFile; fileRef = B2FCAD5825655C6100568284 /* AppDelegate.swift */; };
		B2FCAD5B25655C6100568284 /* SceneDelegate.swift in Sources */ = {isa = PBXBuildFile; fileRef = B2FCAD5A25655C6100568284 /* SceneDelegate.swift */; };
		B2FCAD5D25655C6100568284 /* ViewController.swift in Sources */ = {isa = PBXBuildFile; fileRef = B2FCAD5C25655C6100568284 /* ViewController.swift */; };
		B2FCAD6025655C6100568284 /* Main.storyboard in Resources */ = {isa = PBXBuildFile; fileRef = B2FCAD5E25655C6100568284 /* Main.storyboard */; };
		B2FCAD6225655C6500568284 /* Assets.xcassets in Resources */ = {isa = PBXBuildFile; fileRef = B2FCAD6125655C6500568284 /* Assets.xcassets */; };
		B2FCAD6525655C6500568284 /* LaunchScreen.storyboard in Resources */ = {isa = PBXBuildFile; fileRef = B2FCAD6325655C6500568284 /* LaunchScreen.storyboard */; };
/* End PBXBuildFile section */

/* Begin PBXFileReference section */
		13050AE61ABD23E3A15C8E54 /* Pods-DownloadPDF.release.xcconfig */ = {isa = PBXFileReference; includeInIndex = 1; lastKnownFileType = text.xcconfig; name = "Pods-DownloadPDF.release.xcconfig"; path = "Target Support Files/Pods-DownloadPDF/Pods-DownloadPDF.release.xcconfig"; sourceTree = "<group>"; };
		3C4C0D327994EA11A3C241EF /* Pods_DownloadPDF.framework */ = {isa = PBXFileReference; explicitFileType = wrapper.framework; includeInIndex = 0; path = Pods_DownloadPDF.framework; sourceTree = BUILT_PRODUCTS_DIR; };
		B2FCAD5525655C6100568284 /* DownloadPDF.app */ = {isa = PBXFileReference; explicitFileType = wrapper.application; includeInIndex = 0; path = DownloadPDF.app; sourceTree = BUILT_PRODUCTS_DIR; };
		B2FCAD5825655C6100568284 /* AppDelegate.swift */ = {isa = PBXFileReference; lastKnownFileType = sourcecode.swift; path = AppDelegate.swift; sourceTree = "<group>"; };
		B2FCAD5A25655C6100568284 /* SceneDelegate.swift */ = {isa = PBXFileReference; lastKnownFileType = sourcecode.swift; path = SceneDelegate.swift; sourceTree = "<group>"; };
		B2FCAD5C25655C6100568284 /* ViewController.swift */ = {isa = PBXFileReference; lastKnownFileType = sourcecode.swift; path = ViewController.swift; sourceTree = "<group>"; };
		B2FCAD5F25655C6100568284 /* Base */ = {isa = PBXFileReference; lastKnownFileType = file.storyboard; name = Base; path = Base.lproj/Main.storyboard; sourceTree = "<group>"; };
		B2FCAD6125655C6500568284 /* Assets.xcassets */ = {isa = PBXFileReference; lastKnownFileType = folder.assetcatalog; path = Assets.xcassets; sourceTree = "<group>"; };
		B2FCAD6425655C6500568284 /* Base */ = {isa = PBXFileReference; lastKnownFileType = file.storyboard; name = Base; path = Base.lproj/LaunchScreen.storyboard; sourceTree = "<group>"; };
		B2FCAD6625655C6500568284 /* Info.plist */ = {isa = PBXFileReference; lastKnownFileType = text.plist.xml; path = Info.plist; sourceTree = "<group>"; };
		FFAFFBEB93C0845DF6B66C1F /* Pods-DownloadPDF.debug.xcconfig */ = {isa = PBXFileReference; includeInIndex = 1; lastKnownFileType = text.xcconfig; name = "Pods-DownloadPDF.debug.xcconfig"; path = "Target Support Files/Pods-DownloadPDF/Pods-DownloadPDF.debug.xcconfig"; sourceTree = "<group>"; };
/* End PBXFileReference section */

/* Begin PBXFrameworksBuildPhase section */
		B2FCAD5225655C6100568284 /* Frameworks */ = {
			isa = PBXFrameworksBuildPhase;
			buildActionMask = 2147483647;
			files = (
				3E9CFBDF4AA2CB627F98FEA0 /* Pods_DownloadPDF.framework in Frameworks */,
			);
			runOnlyForDeploymentPostprocessing = 0;
		};
/* End PBXFrameworksBuildPhase section */

/* Begin PBXGroup section */
		14076D152B34BBDCAA6ACC39 /* Frameworks */ = {
			isa = PBXGroup;
			children = (
				3C4C0D327994EA11A3C241EF /* Pods_DownloadPDF.framework */,
			);
			name = Frameworks;
			sourceTree = "<group>";
		};
		22210316F562076BA89F10A9 /* Pods */ = {
			isa = PBXGroup;
			children = (
				FFAFFBEB93C0845DF6B66C1F /* Pods-DownloadPDF.debug.xcconfig */,
				13050AE61ABD23E3A15C8E54 /* Pods-DownloadPDF.release.xcconfig */,
			);
			path = Pods;
			sourceTree = "<group>";
		};
		B2FCAD4C25655C6100568284 = {
			isa = PBXGroup;
			children = (
				B2FCAD5725655C6100568284 /* DownloadPDF */,
				B2FCAD5625655C6100568284 /* Products */,
				22210316F562076BA89F10A9 /* Pods */,
				14076D152B34BBDCAA6ACC39 /* Frameworks */,
			);
			sourceTree = "<group>";
		};
		B2FCAD5625655C6100568284 /* Products */ = {
			isa = PBXGroup;
			children = (
				B2FCAD5525655C6100568284 /* DownloadPDF.app */,
			);
			name = Products;
			sourceTree = "<group>";
		};
		B2FCAD5725655C6100568284 /* DownloadPDF */ = {
			isa = PBXGroup;
			children = (
				B2FCAD5825655C6100568284 /* AppDelegate.swift */,
				B2FCAD5A25655C6100568284 /* SceneDelegate.swift */,
				B2FCAD5C25655C6100568284 /* ViewController.swift */,
				B2FCAD5E25655C6100568284 /* Main.storyboard */,
				B2FCAD6125655C6500568284 /* Assets.xcassets */,
				B2FCAD6325655C6500568284 /* LaunchScreen.storyboard */,
				B2FCAD6625655C6500568284 /* Info.plist */,
			);
			path = DownloadPDF;
			sourceTree = "<group>";
		};
/* End PBXGroup section */

/* Begin PBXNativeTarget section */
		B2FCAD5425655C6100568284 /* DownloadPDF */ = {
			isa = PBXNativeTarget;
			buildConfigurationList = B2FCAD6925655C6500568284 /* Build configuration list for PBXNativeTarget "DownloadPDF" */;
			buildPhases = (
				A9D741DD5D10347B3F9C2F41 /* [CP] Check Pods Manifest.lock */,
				B2FCAD5125655C6100568284 /* Sources */,
				B2FCAD5225655C6100568284 /* Frameworks */,
				B2FCAD5325655C6100568284 /* Resources */,
				86B67D0D01E9AC3D487B0B65 /* [CP] Embed Pods Frameworks */,
			);
			buildRules = (
			);
			dependencies = (
			);
			name = DownloadPDF;
			productName = DownloadPDF;
			productReference = B2FCAD5525655C6100568284 /* DownloadPDF.app */;
			productType = "com.apple.product-type.application";
		};
/* End PBXNativeTarget section */

/* Begin PBXProject section */
		B2FCAD4D25655C6100568284 /* Project object */ = {
			isa = PBXProject;
			attributes = {
				LastSwiftUpdateCheck = 1170;
				LastUpgradeCheck = 1170;
				ORGANIZATIONNAME = "Leu Xuan Hieu";
				TargetAttributes = {
					B2FCAD5425655C6100568284 = {
						CreatedOnToolsVersion = 11.7;
					};
				};
			};
			buildConfigurationList = B2FCAD5025655C6100568284 /* Build configuration list for PBXProject "DownloadPDF" */;
			compatibilityVersion = "Xcode 9.3";
			developmentRegion = en;
			hasScannedForEncodings = 0;
			knownRegions = (
				en,
				Base,
			);
			mainGroup = B2FCAD4C25655C6100568284;
			productRefGroup = B2FCAD5625655C6100568284 /* Products */;
			projectDirPath = "";
			projectRoot = "";
			targets = (
				B2FCAD5425655C6100568284 /* DownloadPDF */,
			);
		};
/* End PBXProject section */

/* Begin PBXResourcesBuildPhase section */
		B2FCAD5325655C6100568284 /* Resources */ = {
			isa = PBXResourcesBuildPhase;
			buildActionMask = 2147483647;
			files = (
				B2FCAD6525655C6500568284 /* LaunchScreen.storyboard in Resources */,
				B2FCAD6225655C6500568284 /* Assets.xcassets in Resources */,
				B2FCAD6025655C6100568284 /* Main.storyboard in Resources */,
			);
			runOnlyForDeploymentPostprocessing = 0;
		};
/* End PBXResourcesBuildPhase section */

/* Begin PBXShellScriptBuildPhase section */
		86B67D0D01E9AC3D487B0B65 /* [CP] Embed Pods Frameworks */ = {
			isa = PBXShellScriptBuildPhase;
			buildActionMask = 2147483647;
			files = (
			);
			inputFileListPaths = (
				"${PODS_ROOT}/Target Support Files/Pods-DownloadPDF/Pods-DownloadPDF-frameworks-${CONFIGURATION}-input-files.xcfilelist",
			);
			name = "[CP] Embed Pods Frameworks";
			outputFileListPaths = (
				"${PODS_ROOT}/Target Support Files/Pods-DownloadPDF/Pods-DownloadPDF-frameworks-${CONFIGURATION}-output-files.xcfilelist",
			);
			runOnlyForDeploymentPostprocessing = 0;
			shellPath = /bin/sh;
			shellScript = "\"${PODS_ROOT}/Target Support Files/Pods-DownloadPDF/Pods-DownloadPDF-frameworks.sh\"\n";
			showEnvVarsInLog = 0;
		};
		A9D741DD5D10347B3F9C2F41 /* [CP] Check Pods Manifest.lock */ = {
			isa = PBXShellScriptBuildPhase;
			buildActionMask = 2147483647;
			files = (
			);
			inputFileListPaths = (
			);
			inputPaths = (
				"${PODS_PODFILE_DIR_PATH}/Podfile.lock",
				"${PODS_ROOT}/Manifest.lock",
			);
			name = "[CP] Check Pods Manifest.lock";
			outputFileListPaths = (
			);
			outputPaths = (
				"$(DERIVED_FILE_DIR)/Pods-DownloadPDF-checkManifestLockResult.txt",
			);
			runOnlyForDeploymentPostprocessing = 0;
			shellPath = /bin/sh;
			shellScript = "diff \"${PODS_PODFILE_DIR_PATH}/Podfile.lock\" \"${PODS_ROOT}/Manifest.lock\" > /dev/null\nif [ $? != 0 ] ; then\n    # print error to STDERR\n    echo \"error: The sandbox is not in sync with the Podfile.lock. Run 'pod install' or update your CocoaPods installation.\" >&2\n    exit 1\nfi\n# This output is used by Xcode 'outputs' to avoid re-running this script phase.\necho \"SUCCESS\" > \"${SCRIPT_OUTPUT_FILE_0}\"\n";
			showEnvVarsInLog = 0;
		};
/* End PBXShellScriptBuildPhase section */

/* Begin PBXSourcesBuildPhase section */
		B2FCAD5125655C6100568284 /* Sources */ = {
			isa = PBXSourcesBuildPhase;
			buildActionMask = 2147483647;
			files = (
				B2FCAD5D25655C6100568284 /* ViewController.swift in Sources */,
				B2FCAD5925655C6100568284 /* AppDelegate.swift in Sources */,
				B2FCAD5B25655C6100568284 /* SceneDelegate.swift in Sources */,
			);
			runOnlyForDeploymentPostprocessing = 0;
		};
/* End PBXSourcesBuildPhase section */

/* Begin PBXVariantGroup section */
		B2FCAD5E25655C6100568284 /* Main.storyboard */ = {
			isa = PBXVariantGroup;
			children = (
				B2FCAD5F25655C6100568284 /* Base */,
			);
			name = Main.storyboard;
			sourceTree = "<group>";
		};
		B2FCAD6325655C6500568284 /* LaunchScreen.storyboard */ = {
			isa = PBXVariantGroup;
			children = (
				B2FCAD6425655C6500568284 /* Base */,
			);
			name = LaunchScreen.storyboard;
			sourceTree = "<group>";
		};
/* End PBXVariantGroup section */

/* Begin XCBuildConfiguration section */
		B2FCAD6725655C6500568284 /* Debug */ = {
			isa = XCBuildConfiguration;
			buildSettings = {
				ALWAYS_SEARCH_USER_PATHS = NO;
				CLANG_ANALYZER_NONNULL = YES;
				CLANG_ANALYZER_NUMBER_OBJECT_CONVERSION = YES_AGGRESSIVE;
				CLANG_CXX_LANGUAGE_STANDARD = "gnu++14";
				CLANG_CXX_LIBRARY = "libc++";
				CLANG_ENABLE_MODULES = YES;
				CLANG_ENABLE_OBJC_ARC = YES;
				CLANG_ENABLE_OBJC_WEAK = YES;
				CLANG_WARN_BLOCK_CAPTURE_AUTORELEASING = YES;
				CLANG_WARN_BOOL_CONVERSION = YES;
				CLANG_WARN_COMMA = YES;
				CLANG_WARN_CONSTANT_CONVERSION = YES;
				CLANG_WARN_DEPRECATED_OBJC_IMPLEMENTATIONS = YES;
				CLANG_WARN_DIRECT_OBJC_ISA_USAGE = YES_ERROR;
				CLANG_WARN_DOCUMENTATION_COMMENTS = YES;
				CLANG_WARN_EMPTY_BODY = YES;
				CLANG_WARN_ENUM_CONVERSION = YES;
				CLANG_WARN_INFINITE_RECURSION = YES;
				CLANG_WARN_INT_CONVERSION = YES;
				CLANG_WARN_NON_LITERAL_NULL_CONVERSION = YES;
				CLANG_WARN_OBJC_IMPLICIT_RETAIN_SELF = YES;
				CLANG_WARN_OBJC_LITERAL_CONVERSION = YES;
				CLANG_WARN_OBJC_ROOT_CLASS = YES_ERROR;
				CLANG_WARN_RANGE_LOOP_ANALYSIS = YES;
				CLANG_WARN_STRICT_PROTOTYPES = YES;
				CLANG_WARN_SUSPICIOUS_MOVE = YES;
				CLANG_WARN_UNGUARDED_AVAILABILITY = YES_AGGRESSIVE;
				CLANG_WARN_UNREACHABLE_CODE = YES;
				CLANG_WARN__DUPLICATE_METHOD_MATCH = YES;
				COPY_PHASE_STRIP = NO;
				DEBUG_INFORMATION_FORMAT = dwarf;
				ENABLE_STRICT_OBJC_MSGSEND = YES;
				ENABLE_TESTABILITY = YES;
				GCC_C_LANGUAGE_STANDARD = gnu11;
				GCC_DYNAMIC_NO_PIC = NO;
				GCC_NO_COMMON_BLOCKS = YES;
				GCC_OPTIMIZATION_LEVEL = 0;
				GCC_PREPROCESSOR_DEFINITIONS = (
					"DEBUG=1",
					"$(inherited)",
				);
				GCC_WARN_64_TO_32_BIT_CONVERSION = YES;
				GCC_WARN_ABOUT_RETURN_TYPE = YES_ERROR;
				GCC_WARN_UNDECLARED_SELECTOR = YES;
				GCC_WARN_UNINITIALIZED_AUTOS = YES_AGGRESSIVE;
				GCC_WARN_UNUSED_FUNCTION = YES;
				GCC_WARN_UNUSED_VARIABLE = YES;
				IPHONEOS_DEPLOYMENT_TARGET = 13.7;
				MTL_ENABLE_DEBUG_INFO = INCLUDE_SOURCE;
				MTL_FAST_MATH = YES;
				ONLY_ACTIVE_ARCH = YES;
				SDKROOT = iphoneos;
				SWIFT_ACTIVE_COMPILATION_CONDITIONS = DEBUG;
				SWIFT_OPTIMIZATION_LEVEL = "-Onone";
			};
			name = Debug;
		};
		B2FCAD6825655C6500568284 /* Release */ = {
			isa = XCBuildConfiguration;
			buildSettings = {
				ALWAYS_SEARCH_USER_PATHS = NO;
				CLANG_ANALYZER_NONNULL = YES;
				CLANG_ANALYZER_NUMBER_OBJECT_CONVERSION = YES_AGGRESSIVE;
				CLANG_CXX_LANGUAGE_STANDARD = "gnu++14";
				CLANG_CXX_LIBRARY = "libc++";
				CLANG_ENABLE_MODULES = YES;
				CLANG_ENABLE_OBJC_ARC = YES;
				CLANG_ENABLE_OBJC_WEAK = YES;
				CLANG_WARN_BLOCK_CAPTURE_AUTORELEASING = YES;
				CLANG_WARN_BOOL_CONVERSION = YES;
				CLANG_WARN_COMMA = YES;
				CLANG_WARN_CONSTANT_CONVERSION = YES;
				CLANG_WARN_DEPRECATED_OBJC_IMPLEMENTATIONS = YES;
				CLANG_WARN_DIRECT_OBJC_ISA_USAGE = YES_ERROR;
				CLANG_WARN_DOCUMENTATION_COMMENTS = YES;
				CLANG_WARN_EMPTY_BODY = YES;
				CLANG_WARN_ENUM_CONVERSION = YES;
				CLANG_WARN_INFINITE_RECURSION = YES;
				CLANG_WARN_INT_CONVERSION = YES;
				CLANG_WARN_NON_LITERAL_NULL_CONVERSION = YES;
				CLANG_WARN_OBJC_IMPLICIT_RETAIN_SELF = YES;
				CLANG_WARN_OBJC_LITERAL_CONVERSION = YES;
				CLANG_WARN_OBJC_ROOT_CLASS = YES_ERROR;
				CLANG_WARN_RANGE_LOOP_ANALYSIS = YES;
				CLANG_WARN_STRICT_PROTOTYPES = YES;
				CLANG_WARN_SUSPICIOUS_MOVE = YES;
				CLANG_WARN_UNGUARDED_AVAILABILITY = YES_AGGRESSIVE;
				CLANG_WARN_UNREACHABLE_CODE = YES;
				CLANG_WARN__DUPLICATE_METHOD_MATCH = YES;
				COPY_PHASE_STRIP = NO;
				DEBUG_INFORMATION_FORMAT = "dwarf-with-dsym";
				ENABLE_NS_ASSERTIONS = NO;
				ENABLE_STRICT_OBJC_MSGSEND = YES;
				GCC_C_LANGUAGE_STANDARD = gnu11;
				GCC_NO_COMMON_BLOCKS = YES;
				GCC_WARN_64_TO_32_BIT_CONVERSION = YES;
				GCC_WARN_ABOUT_RETURN_TYPE = YES_ERROR;
				GCC_WARN_UNDECLARED_SELECTOR = YES;
				GCC_WARN_UNINITIALIZED_AUTOS = YES_AGGRESSIVE;
				GCC_WARN_UNUSED_FUNCTION = YES;
				GCC_WARN_UNUSED_VARIABLE = YES;
				IPHONEOS_DEPLOYMENT_TARGET = 13.7;
				MTL_ENABLE_DEBUG_INFO = NO;
				MTL_FAST_MATH = YES;
				SDKROOT = iphoneos;
				SWIFT_COMPILATION_MODE = wholemodule;
				SWIFT_OPTIMIZATION_LEVEL = "-O";
				VALIDATE_PRODUCT = YES;
			};
			name = Release;
		};
		B2FCAD6A25655C6500568284 /* Debug */ = {
			isa = XCBuildConfiguration;
			baseConfigurationReference = FFAFFBEB93C0845DF6B66C1F /* Pods-DownloadPDF.debug.xcconfig */;
			buildSettings = {
				ASSETCATALOG_COMPILER_APPICON_NAME = AppIcon;
				CODE_SIGN_STYLE = Automatic;
				INFOPLIST_FILE = DownloadPDF/Info.plist;
				LD_RUNPATH_SEARCH_PATHS = (
					"$(inherited)",
					"@executable_path/Frameworks",
				);
				PRODUCT_BUNDLE_IDENTIFIER = leuxuanhieu.demo.com.DownloadPDF;
				PRODUCT_NAME = "$(TARGET_NAME)";
				SWIFT_VERSION = 5.0;
				TARGETED_DEVICE_FAMILY = "1,2";
			};
			name = Debug;
		};
		B2FCAD6B25655C6500568284 /* Release */ = {
			isa = XCBuildConfiguration;
			baseConfigurationReference = 13050AE61ABD23E3A15C8E54 /* Pods-DownloadPDF.release.xcconfig */;
			buildSettings = {
				ASSETCATALOG_COMPILER_APPICON_NAME = AppIcon;
				CODE_SIGN_STYLE = Automatic;
				INFOPLIST_FILE = DownloadPDF/Info.plist;
				LD_RUNPATH_SEARCH_PATHS = (
					"$(inherited)",
					"@executable_path/Frameworks",
				);
				PRODUCT_BUNDLE_IDENTIFIER = leuxuanhieu.demo.com.DownloadPDF;
				PRODUCT_NAME = "$(TARGET_NAME)";
				SWIFT_VERSION = 5.0;
				TARGETED_DEVICE_FAMILY = "1,2";
			};
			name = Release;
		};
/* End XCBuildConfiguration section */

/* Begin XCConfigurationList section */
		B2FCAD5025655C6100568284 /* Build configuration list for PBXProject "DownloadPDF" */ = {
			isa = XCConfigurationList;
			buildConfigurations = (
				B2FCAD6725655C6500568284 /* Debug */,
				B2FCAD6825655C6500568284 /* Release */,
			);
			defaultConfigurationIsVisible = 0;
			defaultConfigurationName = Release;
		};
		B2FCAD6925655C6500568284 /* Build configuration list for PBXNativeTarget "DownloadPDF" */ = {
			isa = XCConfigurationList;
			buildConfigurations = (
				B2FCAD6A25655C6500568284 /* Debug */,
				B2FCAD6B25655C6500568284 /* Release */,
			);
			defaultConfigurationIsVisible = 0;
			defaultConfigurationName = Release;
		};
/* End XCConfigurationList section */
	};
	rootObject = B2FCAD4D25655C6100568284 /* Project object */;
}
